
Microsoft Visual Studio Solution File, Format Version 12.00
# Visual Studio 15
VisualStudioVersion = 15.0.28307.757
MinimumVisualStudioVersion = 10.0.40219.1
Project("{FAE04EC0-301F-11D3-BF4B-00C04F79EFBC}") = "CustomSorting.Android", "CustomSorting\CustomSorting.Android\CustomSorting.Android.csproj", "{2E4C6DC4-151A-4043-9F4B-73495572F33C}"
EndProject
Project("{FAE04EC0-301F-11D3-BF4B-00C04F79EFBC}") = "CustomSorting.iOS", "CustomSorting\CustomSorting.iOS\CustomSorting.iOS.csproj", "{0B20FBBE-8EB5-49D7-AAD9-32AD7ADED87B}"
EndProject
Project("{FAE04EC0-301F-11D3-BF4B-00C04F79EFBC}") = "CustomSorting.UWP", "CustomSorting\CustomSorting.UWP\CustomSorting.UWP.csproj", "{237AE2D0-EA88-4C22-835F-33FCBCC02033}"
EndProject
Project("{FAE04EC0-301F-11D3-BF4B-00C04F79EFBC}") = "CustomSorting", "CustomSorting\CustomSorting\CustomSorting.csproj", "{D4F7A6B2-F50C-405B-9CE4-A20A694CEC3B}"
EndProject
Global
	GlobalSection(SolutionConfigurationPlatforms) = preSolution
		Ad-Hoc|Any CPU = Ad-Hoc|Any CPU
		Ad-Hoc|ARM = Ad-Hoc|ARM
		Ad-Hoc|iPhone = Ad-Hoc|iPhone
		Ad-Hoc|iPhoneSimulator = Ad-Hoc|iPhoneSimulator
		Ad-Hoc|x64 = Ad-Hoc|x64
		Ad-Hoc|x86 = Ad-Hoc|x86
		AppStore|Any CPU = AppStore|Any CPU
		AppStore|ARM = AppStore|ARM
		AppStore|iPhone = AppStore|iPhone
		AppStore|iPhoneSimulator = AppStore|iPhoneSimulator
		AppStore|x64 = AppStore|x64
		AppStore|x86 = AppStore|x86
		Debug|Any CPU = Debug|Any CPU
		Debug|ARM = Debug|ARM
		Debug|iPhone = Debug|iPhone
		Debug|iPhoneSimulator = Debug|iPhoneSimulator
		Debug|x64 = Debug|x64
		Debug|x86 = Debug|x86
		Release|Any CPU = Release|Any CPU
		Release|ARM = Release|ARM
		Release|iPhone = Release|iPhone
		Release|iPhoneSimulator = Release|iPhoneSimulator
		Release|x64 = Release|x64
		Release|x86 = Release|x86
	EndGlobalSection
	GlobalSection(ProjectConfigurationPlatforms) = postSolution
		{2E4C6DC4-151A-4043-9F4B-73495572F33C}.Ad-Hoc|Any CPU.ActiveCfg = Release|Any CPU
		{2E4C6DC4-151A-4043-9F4B-73495572F33C}.Ad-Hoc|Any CPU.Build.0 = Release|Any CPU
		{2E4C6DC4-151A-4043-9F4B-73495572F33C}.Ad-Hoc|Any CPU.Deploy.0 = Release|Any CPU
		{2E4C6DC4-151A-4043-9F4B-73495572F33C}.Ad-Hoc|ARM.ActiveCfg = Release|Any CPU
		{2E4C6DC4-151A-4043-9F4B-73495572F33C}.Ad-Hoc|ARM.Build.0 = Release|Any CPU
		{2E4C6DC4-151A-4043-9F4B-73495572F33C}.Ad-Hoc|ARM.Deploy.0 = Release|Any CPU
		{2E4C6DC4-151A-4043-9F4B-73495572F33C}.Ad-Hoc|iPhone.ActiveCfg = Release|Any CPU
		{2E4C6DC4-151A-4043-9F4B-73495572F33C}.Ad-Hoc|iPhone.Build.0 = Release|Any CPU
		{2E4C6DC4-151A-4043-9F4B-73495572F33C}.Ad-Hoc|iPhone.Deploy.0 = Release|Any CPU
		{2E4C6DC4-151A-4043-9F4B-73495572F33C}.Ad-Hoc|iPhoneSimulator.ActiveCfg = Release|Any CPU
		{2E4C6DC4-151A-4043-9F4B-73495572F33C}.Ad-Hoc|iPhoneSimulator.Build.0 = Release|Any CPU
		{2E4C6DC4-151A-4043-9F4B-73495572F33C}.Ad-Hoc|iPhoneSimulator.Deploy.0 = Release|Any CPU
		{2E4C6DC4-151A-4043-9F4B-73495572F33C}.Ad-Hoc|x64.ActiveCfg = Release|Any CPU
		{2E4C6DC4-151A-4043-9F4B-73495572F33C}.Ad-Hoc|x64.Build.0 = Release|Any CPU
		{2E4C6DC4-151A-4043-9F4B-73495572F33C}.Ad-Hoc|x64.Deploy.0 = Release|Any CPU
		{2E4C6DC4-151A-4043-9F4B-73495572F33C}.Ad-Hoc|x86.ActiveCfg = Release|Any CPU
		{2E4C6DC4-151A-4043-9F4B-73495572F33C}.Ad-Hoc|x86.Build.0 = Release|Any CPU
		{2E4C6DC4-151A-4043-9F4B-73495572F33C}.Ad-Hoc|x86.Deploy.0 = Release|Any CPU
		{2E4C6DC4-151A-4043-9F4B-73495572F33C}.AppStore|Any CPU.ActiveCfg = Release|Any CPU
		{2E4C6DC4-151A-4043-9F4B-73495572F33C}.AppStore|Any CPU.Build.0 = Release|Any CPU
		{2E4C6DC4-151A-4043-9F4B-73495572F33C}.AppStore|Any CPU.Deploy.0 = Release|Any CPU
		{2E4C6DC4-151A-4043-9F4B-73495572F33C}.AppStore|ARM.ActiveCfg = Release|Any CPU
		{2E4C6DC4-151A-4043-9F4B-73495572F33C}.AppStore|ARM.Build.0 = Release|Any CPU
		{2E4C6DC4-151A-4043-9F4B-73495572F33C}.AppStore|ARM.Deploy.0 = Release|Any CPU
		{2E4C6DC4-151A-4043-9F4B-73495572F33C}.AppStore|iPhone.ActiveCfg = Release|Any CPU
		{2E4C6DC4-151A-4043-9F4B-73495572F33C}.AppStore|iPhone.Build.0 = Release|Any CPU
		{2E4C6DC4-151A-4043-9F4B-73495572F33C}.AppStore|iPhone.Deploy.0 = Release|Any CPU
		{2E4C6DC4-151A-4043-9F4B-73495572F33C}.AppStore|iPhoneSimulator.ActiveCfg = Release|Any CPU
		{2E4C6DC4-151A-4043-9F4B-73495572F33C}.AppStore|iPhoneSimulator.Build.0 = Release|Any CPU
		{2E4C6DC4-151A-4043-9F4B-73495572F33C}.AppStore|iPhoneSimulator.Deploy.0 = Release|Any CPU
		{2E4C6DC4-151A-4043-9F4B-73495572F33C}.AppStore|x64.ActiveCfg = Release|Any CPU
		{2E4C6DC4-151A-4043-9F4B-73495572F33C}.AppStore|x64.Build.0 = Release|Any CPU
		{2E4C6DC4-151A-4043-9F4B-73495572F33C}.AppStore|x64.Deploy.0 = Release|Any CPU
		{2E4C6DC4-151A-4043-9F4B-73495572F33C}.AppStore|x86.ActiveCfg = Release|Any CPU
		{2E4C6DC4-151A-4043-9F4B-73495572F33C}.AppStore|x86.Build.0 = Release|Any CPU
		{2E4C6DC4-151A-4043-9F4B-73495572F33C}.AppStore|x86.Deploy.0 = Release|Any CPU
		{2E4C6DC4-151A-4043-9F4B-73495572F33C}.Debug|Any CPU.ActiveCfg = Debug|Any CPU
		{2E4C6DC4-151A-4043-9F4B-73495572F33C}.Debug|Any CPU.Build.0 = Debug|Any CPU
		{2E4C6DC4-151A-4043-9F4B-73495572F33C}.Debug|Any CPU.Deploy.0 = Debug|Any CPU
		{2E4C6DC4-151A-4043-9F4B-73495572F33C}.Debug|ARM.ActiveCfg = Debug|Any CPU
		{2E4C6DC4-151A-4043-9F4B-73495572F33C}.Debug|ARM.Build.0 = Debug|Any CPU
		{2E4C6DC4-151A-4043-9F4B-73495572F33C}.Debug|ARM.Deploy.0 = Debug|Any CPU
		{2E4C6DC4-151A-4043-9F4B-73495572F33C}.Debug|iPhone.ActiveCfg = Debug|Any CPU
		{2E4C6DC4-151A-4043-9F4B-73495572F33C}.Debug|iPhone.Build.0 = Debug|Any CPU
		{2E4C6DC4-151A-4043-9F4B-73495572F33C}.Debug|iPhone.Deploy.0 = Debug|Any CPU
		{2E4C6DC4-151A-4043-9F4B-73495572F33C}.Debug|iPhoneSimulator.ActiveCfg = Debug|Any CPU
		{2E4C6DC4-151A-4043-9F4B-73495572F33C}.Debug|iPhoneSimulator.Build.0 = Debug|Any CPU
		{2E4C6DC4-151A-4043-9F4B-73495572F33C}.Debug|iPhoneSimulator.Deploy.0 = Debug|Any CPU
		{2E4C6DC4-151A-4043-9F4B-73495572F33C}.Debug|x64.ActiveCfg = Debug|Any CPU
		{2E4C6DC4-151A-4043-9F4B-73495572F33C}.Debug|x64.Build.0 = Debug|Any CPU
		{2E4C6DC4-151A-4043-9F4B-73495572F33C}.Debug|x64.Deploy.0 = Debug|Any CPU
		{2E4C6DC4-151A-4043-9F4B-73495572F33C}.Debug|x86.ActiveCfg = Debug|Any CPU
		{2E4C6DC4-151A-4043-9F4B-73495572F33C}.Debug|x86.Build.0 = Debug|Any CPU
		{2E4C6DC4-151A-4043-9F4B-73495572F33C}.Debug|x86.Deploy.0 = Debug|Any CPU
		{2E4C6DC4-151A-4043-9F4B-73495572F33C}.Release|Any CPU.ActiveCfg = Release|Any CPU
		{2E4C6DC4-151A-4043-9F4B-73495572F33C}.Release|Any CPU.Build.0 = Release|Any CPU
		{2E4C6DC4-151A-4043-9F4B-73495572F33C}.Release|Any CPU.Deploy.0 = Release|Any CPU
		{2E4C6DC4-151A-4043-9F4B-73495572F33C}.Release|ARM.ActiveCfg = Release|Any CPU
		{2E4C6DC4-151A-4043-9F4B-73495572F33C}.Release|ARM.Build.0 = Release|Any CPU
		{2E4C6DC4-151A-4043-9F4B-73495572F33C}.Release|ARM.Deploy.0 = Release|Any CPU
		{2E4C6DC4-151A-4043-9F4B-73495572F33C}.Release|iPhone.ActiveCfg = Release|Any CPU
		{2E4C6DC4-151A-4043-9F4B-73495572F33C}.Release|iPhone.Build.0 = Release|Any CPU
		{2E4C6DC4-151A-4043-9F4B-73495572F33C}.Release|iPhone.Deploy.0 = Release|Any CPU
		{2E4C6DC4-151A-4043-9F4B-73495572F33C}.Release|iPhoneSimulator.ActiveCfg = Release|Any CPU
		{2E4C6DC4-151A-4043-9F4B-73495572F33C}.Release|iPhoneSimulator.Build.0 = Release|Any CPU
		{2E4C6DC4-151A-4043-9F4B-73495572F33C}.Release|iPhoneSimulator.Deploy.0 = Release|Any CPU
		{2E4C6DC4-151A-4043-9F4B-73495572F33C}.Release|x64.ActiveCfg = Release|Any CPU
		{2E4C6DC4-151A-4043-9F4B-73495572F33C}.Release|x64.Build.0 = Release|Any CPU
		{2E4C6DC4-151A-4043-9F4B-73495572F33C}.Release|x64.Deploy.0 = Release|Any CPU
		{2E4C6DC4-151A-4043-9F4B-73495572F33C}.Release|x86.ActiveCfg = Release|Any CPU
		{2E4C6DC4-151A-4043-9F4B-73495572F33C}.Release|x86.Build.0 = Release|Any CPU
		{2E4C6DC4-151A-4043-9F4B-73495572F33C}.Release|x86.Deploy.0 = Release|Any CPU
		{0B20FBBE-8EB5-49D7-AAD9-32AD7ADED87B}.Ad-Hoc|Any CPU.ActiveCfg = Ad-Hoc|iPhone
		{0B20FBBE-8EB5-49D7-AAD9-32AD7ADED87B}.Ad-Hoc|Any CPU.Build.0 = Ad-Hoc|iPhone
		{0B20FBBE-8EB5-49D7-AAD9-32AD7ADED87B}.Ad-Hoc|Any CPU.Deploy.0 = Ad-Hoc|iPhone
		{0B20FBBE-8EB5-49D7-AAD9-32AD7ADED87B}.Ad-Hoc|ARM.ActiveCfg = Ad-Hoc|iPhone
		{0B20FBBE-8EB5-49D7-AAD9-32AD7ADED87B}.Ad-Hoc|ARM.Build.0 = Ad-Hoc|iPhone
		{0B20FBBE-8EB5-49D7-AAD9-32AD7ADED87B}.Ad-Hoc|ARM.Deploy.0 = Ad-Hoc|iPhone
		{0B20FBBE-8EB5-49D7-AAD9-32AD7ADED87B}.Ad-Hoc|iPhone.ActiveCfg = Ad-Hoc|iPhone
		{0B20FBBE-8EB5-49D7-AAD9-32AD7ADED87B}.Ad-Hoc|iPhone.Build.0 = Ad-Hoc|iPhone
		{0B20FBBE-8EB5-49D7-AAD9-32AD7ADED87B}.Ad-Hoc|iPhone.Deploy.0 = Ad-Hoc|iPhone
		{0B20FBBE-8EB5-49D7-AAD9-32AD7ADED87B}.Ad-Hoc|iPhoneSimulator.ActiveCfg = Ad-Hoc|iPhoneSimulator
		{0B20FBBE-8EB5-49D7-AAD9-32AD7ADED87B}.Ad-Hoc|iPhoneSimulator.Build.0 = Ad-Hoc|iPhoneSimulator
		{0B20FBBE-8EB5-49D7-AAD9-32AD7ADED87B}.Ad-Hoc|iPhoneSimulator.Deploy.0 = Ad-Hoc|iPhoneSimulator
		{0B20FBBE-8EB5-49D7-AAD9-32AD7ADED87B}.Ad-Hoc|x64.ActiveCfg = Ad-Hoc|iPhone
		{0B20FBBE-8EB5-49D7-AAD9-32AD7ADED87B}.Ad-Hoc|x64.Build.0 = Ad-Hoc|iPhone
		{0B20FBBE-8EB5-49D7-AAD9-32AD7ADED87B}.Ad-Hoc|x64.Deploy.0 = Ad-Hoc|iPhone
		{0B20FBBE-8EB5-49D7-AAD9-32AD7ADED87B}.Ad-Hoc|x86.ActiveCfg = Ad-Hoc|iPhone
		{0B20FBBE-8EB5-49D7-AAD9-32AD7ADED87B}.Ad-Hoc|x86.Build.0 = Ad-Hoc|iPhone
		{0B20FBBE-8EB5-49D7-AAD9-32AD7ADED87B}.Ad-Hoc|x86.Deploy.0 = Ad-Hoc|iPhone
		{0B20FBBE-8EB5-49D7-AAD9-32AD7ADED87B}.AppStore|Any CPU.ActiveCfg = AppStore|iPhone
		{0B20FBBE-8EB5-49D7-AAD9-32AD7ADED87B}.AppStore|Any CPU.Build.0 = AppStore|iPhone
		{0B20FBBE-8EB5-49D7-AAD9-32AD7ADED87B}.AppStore|Any CPU.Deploy.0 = AppStore|iPhone
		{0B20FBBE-8EB5-49D7-AAD9-32AD7ADED87B}.AppStore|ARM.ActiveCfg = AppStore|iPhone
		{0B20FBBE-8EB5-49D7-AAD9-32AD7ADED87B}.AppStore|ARM.Build.0 = AppStore|iPhone
		{0B20FBBE-8EB5-49D7-AAD9-32AD7ADED87B}.AppStore|ARM.Deploy.0 = AppStore|iPhone
		{0B20FBBE-8EB5-49D7-AAD9-32AD7ADED87B}.AppStore|iPhone.ActiveCfg = AppStore|iPhone
		{0B20FBBE-8EB5-49D7-AAD9-32AD7ADED87B}.AppStore|iPhone.Build.0 = AppStore|iPhone
		{0B20FBBE-8EB5-49D7-AAD9-32AD7ADED87B}.AppStore|iPhone.Deploy.0 = AppStore|iPhone
		{0B20FBBE-8EB5-49D7-AAD9-32AD7ADED87B}.AppStore|iPhoneSimulator.ActiveCfg = AppStore|iPhoneSimulator
		{0B20FBBE-8EB5-49D7-AAD9-32AD7ADED87B}.AppStore|iPhoneSimulator.Build.0 = AppStore|iPhoneSimulator
		{0B20FBBE-8EB5-49D7-AAD9-32AD7ADED87B}.AppStore|iPhoneSimulator.Deploy.0 = AppStore|iPhoneSimulator
		{0B20FBBE-8EB5-49D7-AAD9-32AD7ADED87B}.AppStore|x64.ActiveCfg = AppStore|iPhone
		{0B20FBBE-8EB5-49D7-AAD9-32AD7ADED87B}.AppStore|x64.Build.0 = AppStore|iPhone
		{0B20FBBE-8EB5-49D7-AAD9-32AD7ADED87B}.AppStore|x64.Deploy.0 = AppStore|iPhone
		{0B20FBBE-8EB5-49D7-AAD9-32AD7ADED87B}.AppStore|x86.ActiveCfg = AppStore|iPhone
		{0B20FBBE-8EB5-49D7-AAD9-32AD7ADED87B}.AppStore|x86.Build.0 = AppStore|iPhone
		{0B20FBBE-8EB5-49D7-AAD9-32AD7ADED87B}.AppStore|x86.Deploy.0 = AppStore|iPhone
		{0B20FBBE-8EB5-49D7-AAD9-32AD7ADED87B}.Debug|Any CPU.ActiveCfg = Debug|iPhoneSimulator
		{0B20FBBE-8EB5-49D7-AAD9-32AD7ADED87B}.Debug|Any CPU.Build.0 = Debug|iPhoneSimulator
		{0B20FBBE-8EB5-49D7-AAD9-32AD7ADED87B}.Debug|Any CPU.Deploy.0 = Debug|iPhoneSimulator
		{0B20FBBE-8EB5-49D7-AAD9-32AD7ADED87B}.Debug|ARM.ActiveCfg = Debug|iPhone
		{0B20FBBE-8EB5-49D7-AAD9-32AD7ADED87B}.Debug|ARM.Build.0 = Debug|iPhone
		{0B20FBBE-8EB5-49D7-AAD9-32AD7ADED87B}.Debug|ARM.Deploy.0 = Debug|iPhone
		{0B20FBBE-8EB5-49D7-AAD9-32AD7ADED87B}.Debug|iPhone.ActiveCfg = Debug|iPhone
		{0B20FBBE-8EB5-49D7-AAD9-32AD7ADED87B}.Debug|iPhone.Build.0 = Debug|iPhone
		{0B20FBBE-8EB5-49D7-AAD9-32AD7ADED87B}.Debug|iPhone.Deploy.0 = Debug|iPhone
		{0B20FBBE-8EB5-49D7-AAD9-32AD7ADED87B}.Debug|iPhoneSimulator.ActiveCfg = Debug|iPhoneSimulator
		{0B20FBBE-8EB5-49D7-AAD9-32AD7ADED87B}.Debug|iPhoneSimulator.Build.0 = Debug|iPhoneSimulator
		{0B20FBBE-8EB5-49D7-AAD9-32AD7ADED87B}.Debug|iPhoneSimulator.Deploy.0 = Debug|iPhoneSimulator
		{0B20FBBE-8EB5-49D7-AAD9-32AD7ADED87B}.Debug|x64.ActiveCfg = Debug|iPhone
		{0B20FBBE-8EB5-49D7-AAD9-32AD7ADED87B}.Debug|x64.Build.0 = Debug|iPhone
		{0B20FBBE-8EB5-49D7-AAD9-32AD7ADED87B}.Debug|x64.Deploy.0 = Debug|iPhone
		{0B20FBBE-8EB5-49D7-AAD9-32AD7ADED87B}.Debug|x86.ActiveCfg = Debug|iPhone
		{0B20FBBE-8EB5-49D7-AAD9-32AD7ADED87B}.Debug|x86.Build.0 = Debug|iPhone
		{0B20FBBE-8EB5-49D7-AAD9-32AD7ADED87B}.Debug|x86.Deploy.0 = Debug|iPhone
		{0B20FBBE-8EB5-49D7-AAD9-32AD7ADED87B}.Release|Any CPU.ActiveCfg = Release|iPhone
		{0B20FBBE-8EB5-49D7-AAD9-32AD7ADED87B}.Release|Any CPU.Build.0 = Release|iPhone
		{0B20FBBE-8EB5-49D7-AAD9-32AD7ADED87B}.Release|Any CPU.Deploy.0 = Release|iPhone
		{0B20FBBE-8EB5-49D7-AAD9-32AD7ADED87B}.Release|ARM.ActiveCfg = Release|iPhone
		{0B20FBBE-8EB5-49D7-AAD9-32AD7ADED87B}.Release|ARM.Build.0 = Release|iPhone
		{0B20FBBE-8EB5-49D7-AAD9-32AD7ADED87B}.Release|ARM.Deploy.0 = Release|iPhone
		{0B20FBBE-8EB5-49D7-AAD9-32AD7ADED87B}.Release|iPhone.ActiveCfg = Release|iPhone
		{0B20FBBE-8EB5-49D7-AAD9-32AD7ADED87B}.Release|iPhone.Build.0 = Release|iPhone
		{0B20FBBE-8EB5-49D7-AAD9-32AD7ADED87B}.Release|iPhone.Deploy.0 = Release|iPhone
		{0B20FBBE-8EB5-49D7-AAD9-32AD7ADED87B}.Release|iPhoneSimulator.ActiveCfg = Release|iPhoneSimulator
		{0B20FBBE-8EB5-49D7-AAD9-32AD7ADED87B}.Release|iPhoneSimulator.Build.0 = Release|iPhoneSimulator
		{0B20FBBE-8EB5-49D7-AAD9-32AD7ADED87B}.Release|iPhoneSimulator.Deploy.0 = Release|iPhoneSimulator
		{0B20FBBE-8EB5-49D7-AAD9-32AD7ADED87B}.Release|x64.ActiveCfg = Release|iPhone
		{0B20FBBE-8EB5-49D7-AAD9-32AD7ADED87B}.Release|x64.Build.0 = Release|iPhone
		{0B20FBBE-8EB5-49D7-AAD9-32AD7ADED87B}.Release|x64.Deploy.0 = Release|iPhone
		{0B20FBBE-8EB5-49D7-AAD9-32AD7ADED87B}.Release|x86.ActiveCfg = Release|iPhone
		{0B20FBBE-8EB5-49D7-AAD9-32AD7ADED87B}.Release|x86.Build.0 = Release|iPhone
		{0B20FBBE-8EB5-49D7-AAD9-32AD7ADED87B}.Release|x86.Deploy.0 = Release|iPhone
		{237AE2D0-EA88-4C22-835F-33FCBCC02033}.Ad-Hoc|Any CPU.ActiveCfg = Release|x86
		{237AE2D0-EA88-4C22-835F-33FCBCC02033}.Ad-Hoc|Any CPU.Build.0 = Release|x86
		{237AE2D0-EA88-4C22-835F-33FCBCC02033}.Ad-Hoc|Any CPU.Deploy.0 = Release|x86
		{237AE2D0-EA88-4C22-835F-33FCBCC02033}.Ad-Hoc|ARM.ActiveCfg = Release|ARM
		{237AE2D0-EA88-4C22-835F-33FCBCC02033}.Ad-Hoc|ARM.Build.0 = Release|ARM
		{237AE2D0-EA88-4C22-835F-33FCBCC02033}.Ad-Hoc|ARM.Deploy.0 = Release|ARM
		{237AE2D0-EA88-4C22-835F-33FCBCC02033}.Ad-Hoc|iPhone.ActiveCfg = Release|x86
		{237AE2D0-EA88-4C22-835F-33FCBCC02033}.Ad-Hoc|iPhone.Build.0 = Release|x86
		{237AE2D0-EA88-4C22-835F-33FCBCC02033}.Ad-Hoc|iPhone.Deploy.0 = Release|x86
		{237AE2D0-EA88-4C22-835F-33FCBCC02033}.Ad-Hoc|iPhoneSimulator.ActiveCfg = Release|x86
		{237AE2D0-EA88-4C22-835F-33FCBCC02033}.Ad-Hoc|iPhoneSimulator.Build.0 = Release|x86
		{237AE2D0-EA88-4C22-835F-33FCBCC02033}.Ad-Hoc|iPhoneSimulator.Deploy.0 = Release|x86
		{237AE2D0-EA88-4C22-835F-33FCBCC02033}.Ad-Hoc|x64.ActiveCfg = Release|x64
		{237AE2D0-EA88-4C22-835F-33FCBCC02033}.Ad-Hoc|x64.Build.0 = Release|x64
		{237AE2D0-EA88-4C22-835F-33FCBCC02033}.Ad-Hoc|x64.Deploy.0 = Release|x64
		{237AE2D0-EA88-4C22-835F-33FCBCC02033}.Ad-Hoc|x86.ActiveCfg = Release|x86
		{237AE2D0-EA88-4C22-835F-33FCBCC02033}.Ad-Hoc|x86.Build.0 = Release|x86
		{237AE2D0-EA88-4C22-835F-33FCBCC02033}.Ad-Hoc|x86.Deploy.0 = Release|x86
		{237AE2D0-EA88-4C22-835F-33FCBCC02033}.AppStore|Any CPU.ActiveCfg = Release|x86
		{237AE2D0-EA88-4C22-835F-33FCBCC02033}.AppStore|Any CPU.Build.0 = Release|x86
		{237AE2D0-EA88-4C22-835F-33FCBCC02033}.AppStore|Any CPU.Deploy.0 = Release|x86
		{237AE2D0-EA88-4C22-835F-33FCBCC02033}.AppStore|ARM.ActiveCfg = Release|ARM
		{237AE2D0-EA88-4C22-835F-33FCBCC02033}.AppStore|ARM.Build.0 = Release|ARM
		{237AE2D0-EA88-4C22-835F-33FCBCC02033}.AppStore|ARM.Deploy.0 = Release|ARM
		{237AE2D0-EA88-4C22-835F-33FCBCC02033}.AppStore|iPhone.ActiveCfg = Release|x86
		{237AE2D0-EA88-4C22-835F-33FCBCC02033}.AppStore|iPhone.Build.0 = Release|x86
		{237AE2D0-EA88-4C22-835F-33FCBCC02033}.AppStore|iPhone.Deploy.0 = Release|x86
		{237AE2D0-EA88-4C22-835F-33FCBCC02033}.AppStore|iPhoneSimulator.ActiveCfg = Release|x86
		{237AE2D0-EA88-4C22-835F-33FCBCC02033}.AppStore|iPhoneSimulator.Build.0 = Release|x86
		{237AE2D0-EA88-4C22-835F-33FCBCC02033}.AppStore|iPhoneSimulator.Deploy.0 = Release|x86
		{237AE2D0-EA88-4C22-835F-33FCBCC02033}.AppStore|x64.ActiveCfg = Release|x64
		{237AE2D0-EA88-4C22-835F-33FCBCC02033}.AppStore|x64.Build.0 = Release|x64
		{237AE2D0-EA88-4C22-835F-33FCBCC02033}.AppStore|x64.Deploy.0 = Release|x64
		{237AE2D0-EA88-4C22-835F-33FCBCC02033}.AppStore|x86.ActiveCfg = Release|x86
		{237AE2D0-EA88-4C22-835F-33FCBCC02033}.AppStore|x86.Build.0 = Release|x86
		{237AE2D0-EA88-4C22-835F-33FCBCC02033}.AppStore|x86.Deploy.0 = Release|x86
		{237AE2D0-EA88-4C22-835F-33FCBCC02033}.Debug|Any CPU.ActiveCfg = Debug|x86
		{237AE2D0-EA88-4C22-835F-33FCBCC02033}.Debug|Any CPU.Build.0 = Debug|x86
		{237AE2D0-EA88-4C22-835F-33FCBCC02033}.Debug|Any CPU.Deploy.0 = Debug|x86
		{237AE2D0-EA88-4C22-835F-33FCBCC02033}.Debug|ARM.ActiveCfg = Debug|ARM
		{237AE2D0-EA88-4C22-835F-33FCBCC02033}.Debug|ARM.Build.0 = Debug|ARM
		{237AE2D0-EA88-4C22-835F-33FCBCC02033}.Debug|ARM.Deploy.0 = Debug|ARM
		{237AE2D0-EA88-4C22-835F-33FCBCC02033}.Debug|iPhone.ActiveCfg = Debug|x86
		{237AE2D0-EA88-4C22-835F-33FCBCC02033}.Debug|iPhone.Build.0 = Debug|x86
		{237AE2D0-EA88-4C22-835F-33FCBCC02033}.Debug|iPhone.Deploy.0 = Debug|x86
		{237AE2D0-EA88-4C22-835F-33FCBCC02033}.Debug|iPhoneSimulator.ActiveCfg = Debug|x86
		{237AE2D0-EA88-4C22-835F-33FCBCC02033}.Debug|iPhoneSimulator.Build.0 = Debug|x86
		{237AE2D0-EA88-4C22-835F-33FCBCC02033}.Debug|iPhoneSimulator.Deploy.0 = Debug|x86
		{237AE2D0-EA88-4C22-835F-33FCBCC02033}.Debug|x64.ActiveCfg = Debug|x64
		{237AE2D0-EA88-4C22-835F-33FCBCC02033}.Debug|x64.Build.0 = Debug|x64
		{237AE2D0-EA88-4C22-835F-33FCBCC02033}.Debug|x64.Deploy.0 = Debug|x64
		{237AE2D0-EA88-4C22-835F-33FCBCC02033}.Debug|x86.ActiveCfg = Debug|x86
		{237AE2D0-EA88-4C22-835F-33FCBCC02033}.Debug|x86.Build.0 = Debug|x86
		{237AE2D0-EA88-4C22-835F-33FCBCC02033}.Debug|x86.Deploy.0 = Debug|x86
		{237AE2D0-EA88-4C22-835F-33FCBCC02033}.Release|Any CPU.ActiveCfg = Release|x86
		{237AE2D0-EA88-4C22-835F-33FCBCC02033}.Release|Any CPU.Build.0 = Release|x86
		{237AE2D0-EA88-4C22-835F-33FCBCC02033}.Release|Any CPU.Deploy.0 = Release|x86
		{237AE2D0-EA88-4C22-835F-33FCBCC02033}.Release|ARM.ActiveCfg = Release|ARM
		{237AE2D0-EA88-4C22-835F-33FCBCC02033}.Release|ARM.Build.0 = Release|ARM
		{237AE2D0-EA88-4C22-835F-33FCBCC02033}.Release|ARM.Deploy.0 = Release|ARM
		{237AE2D0-EA88-4C22-835F-33FCBCC02033}.Release|iPhone.ActiveCfg = Release|x86
		{237AE2D0-EA88-4C22-835F-33FCBCC02033}.Release|iPhone.Build.0 = Release|x86
		{237AE2D0-EA88-4C22-835F-33FCBCC02033}.Release|iPhone.Deploy.0 = Release|x86
		{237AE2D0-EA88-4C22-835F-33FCBCC02033}.Release|iPhoneSimulator.ActiveCfg = Release|x86
		{237AE2D0-EA88-4C22-835F-33FCBCC02033}.Release|iPhoneSimulator.Build.0 = Release|x86
		{237AE2D0-EA88-4C22-835F-33FCBCC02033}.Release|iPhoneSimulator.Deploy.0 = Release|x86
		{237AE2D0-EA88-4C22-835F-33FCBCC02033}.Release|x64.ActiveCfg = Release|x64
		{237AE2D0-EA88-4C22-835F-33FCBCC02033}.Release|x64.Build.0 = Release|x64
		{237AE2D0-EA88-4C22-835F-33FCBCC02033}.Release|x64.Deploy.0 = Release|x64
		{237AE2D0-EA88-4C22-835F-33FCBCC02033}.Release|x86.ActiveCfg = Release|x86
		{237AE2D0-EA88-4C22-835F-33FCBCC02033}.Release|x86.Build.0 = Release|x86
		{237AE2D0-EA88-4C22-835F-33FCBCC02033}.Release|x86.Deploy.0 = Release|x86
		{D4F7A6B2-F50C-405B-9CE4-A20A694CEC3B}.Ad-Hoc|Any CPU.ActiveCfg = Debug|Any CPU
		{D4F7A6B2-F50C-405B-9CE4-A20A694CEC3B}.Ad-Hoc|Any CPU.Build.0 = Debug|Any CPU
		{D4F7A6B2-F50C-405B-9CE4-A20A694CEC3B}.Ad-Hoc|Any CPU.Deploy.0 = Debug|Any CPU
		{D4F7A6B2-F50C-405B-9CE4-A20A694CEC3B}.Ad-Hoc|ARM.ActiveCfg = Debug|Any CPU
		{D4F7A6B2-F50C-405B-9CE4-A20A694CEC3B}.Ad-Hoc|ARM.Build.0 = Debug|Any CPU
		{D4F7A6B2-F50C-405B-9CE4-A20A694CEC3B}.Ad-Hoc|ARM.Deploy.0 = Debug|Any CPU
		{D4F7A6B2-F50C-405B-9CE4-A20A694CEC3B}.Ad-Hoc|iPhone.ActiveCfg = Debug|Any CPU
		{D4F7A6B2-F50C-405B-9CE4-A20A694CEC3B}.Ad-Hoc|iPhone.Build.0 = Debug|Any CPU
		{D4F7A6B2-F50C-405B-9CE4-A20A694CEC3B}.Ad-Hoc|iPhone.Deploy.0 = Debug|Any CPU
		{D4F7A6B2-F50C-405B-9CE4-A20A694CEC3B}.Ad-Hoc|iPhoneSimulator.ActiveCfg = Debug|Any CPU
		{D4F7A6B2-F50C-405B-9CE4-A20A694CEC3B}.Ad-Hoc|iPhoneSimulator.Build.0 = Debug|Any CPU
		{D4F7A6B2-F50C-405B-9CE4-A20A694CEC3B}.Ad-Hoc|iPhoneSimulator.Deploy.0 = Debug|Any CPU
		{D4F7A6B2-F50C-405B-9CE4-A20A694CEC3B}.Ad-Hoc|x64.ActiveCfg = Debug|Any CPU
		{D4F7A6B2-F50C-405B-9CE4-A20A694CEC3B}.Ad-Hoc|x64.Build.0 = Debug|Any CPU
		{D4F7A6B2-F50C-405B-9CE4-A20A694CEC3B}.Ad-Hoc|x64.Deploy.0 = Debug|Any CPU
		{D4F7A6B2-F50C-405B-9CE4-A20A694CEC3B}.Ad-Hoc|x86.ActiveCfg = Debug|Any CPU
		{D4F7A6B2-F50C-405B-9CE4-A20A694CEC3B}.Ad-Hoc|x86.Build.0 = Debug|Any CPU
		{D4F7A6B2-F50C-405B-9CE4-A20A694CEC3B}.Ad-Hoc|x86.Deploy.0 = Debug|Any CPU
		{D4F7A6B2-F50C-405B-9CE4-A20A694CEC3B}.AppStore|Any CPU.ActiveCfg = Debug|Any CPU
		{D4F7A6B2-F50C-405B-9CE4-A20A694CEC3B}.AppStore|Any CPU.Build.0 = Debug|Any CPU
		{D4F7A6B2-F50C-405B-9CE4-A20A694CEC3B}.AppStore|Any CPU.Deploy.0 = Debug|Any CPU
		{D4F7A6B2-F50C-405B-9CE4-A20A694CEC3B}.AppStore|ARM.ActiveCfg = Debug|Any CPU
		{D4F7A6B2-F50C-405B-9CE4-A20A694CEC3B}.AppStore|ARM.Build.0 = Debug|Any CPU
		{D4F7A6B2-F50C-405B-9CE4-A20A694CEC3B}.AppStore|ARM.Deploy.0 = Debug|Any CPU
		{D4F7A6B2-F50C-405B-9CE4-A20A694CEC3B}.AppStore|iPhone.ActiveCfg = Debug|Any CPU
		{D4F7A6B2-F50C-405B-9CE4-A20A694CEC3B}.AppStore|iPhone.Build.0 = Debug|Any CPU
		{D4F7A6B2-F50C-405B-9CE4-A20A694CEC3B}.AppStore|iPhone.Deploy.0 = Debug|Any CPU
		{D4F7A6B2-F50C-405B-9CE4-A20A694CEC3B}.AppStore|iPhoneSimulator.ActiveCfg = Debug|Any CPU
		{D4F7A6B2-F50C-405B-9CE4-A20A694CEC3B}.AppStore|iPhoneSimulator.Build.0 = Debug|Any CPU
		{D4F7A6B2-F50C-405B-9CE4-A20A694CEC3B}.AppStore|iPhoneSimulator.Deploy.0 = Debug|Any CPU
		{D4F7A6B2-F50C-405B-9CE4-A20A694CEC3B}.AppStore|x64.ActiveCfg = Debug|Any CPU
		{D4F7A6B2-F50C-405B-9CE4-A20A694CEC3B}.AppStore|x64.Build.0 = Debug|Any CPU
		{D4F7A6B2-F50C-405B-9CE4-A20A694CEC3B}.AppStore|x64.Deploy.0 = Debug|Any CPU
		{D4F7A6B2-F50C-405B-9CE4-A20A694CEC3B}.AppStore|x86.ActiveCfg = Debug|Any CPU
		{D4F7A6B2-F50C-405B-9CE4-A20A694CEC3B}.AppStore|x86.Build.0 = Debug|Any CPU
		{D4F7A6B2-F50C-405B-9CE4-A20A694CEC3B}.AppStore|x86.Deploy.0 = Debug|Any CPU
		{D4F7A6B2-F50C-405B-9CE4-A20A694CEC3B}.Debug|Any CPU.ActiveCfg = Debug|Any CPU
		{D4F7A6B2-F50C-405B-9CE4-A20A694CEC3B}.Debug|Any CPU.Build.0 = Debug|Any CPU
		{D4F7A6B2-F50C-405B-9CE4-A20A694CEC3B}.Debug|Any CPU.Deploy.0 = Debug|Any CPU
		{D4F7A6B2-F50C-405B-9CE4-A20A694CEC3B}.Debug|ARM.ActiveCfg = Debug|Any CPU
		{D4F7A6B2-F50C-405B-9CE4-A20A694CEC3B}.Debug|ARM.Build.0 = Debug|Any CPU
		{D4F7A6B2-F50C-405B-9CE4-A20A694CEC3B}.Debug|ARM.Deploy.0 = Debug|Any CPU
		{D4F7A6B2-F50C-405B-9CE4-A20A694CEC3B}.Debug|iPhone.ActiveCfg = Debug|Any CPU
		{D4F7A6B2-F50C-405B-9CE4-A20A694CEC3B}.Debug|iPhone.Build.0 = Debug|Any CPU
		{D4F7A6B2-F50C-405B-9CE4-A20A694CEC3B}.Debug|iPhone.Deploy.0 = Debug|Any CPU
		{D4F7A6B2-F50C-405B-9CE4-A20A694CEC3B}.Debug|iPhoneSimulator.ActiveCfg = Debug|Any CPU
		{D4F7A6B2-F50C-405B-9CE4-A20A694CEC3B}.Debug|iPhoneSimulator.Build.0 = Debug|Any CPU
		{D4F7A6B2-F50C-405B-9CE4-A20A694CEC3B}.Debug|iPhoneSimulator.Deploy.0 = Debug|Any CPU
		{D4F7A6B2-F50C-405B-9CE4-A20A694CEC3B}.Debug|x64.ActiveCfg = Debug|Any CPU
		{D4F7A6B2-F50C-405B-9CE4-A20A694CEC3B}.Debug|x64.Build.0 = Debug|Any CPU
		{D4F7A6B2-F50C-405B-9CE4-A20A694CEC3B}.Debug|x64.Deploy.0 = Debug|Any CPU
		{D4F7A6B2-F50C-405B-9CE4-A20A694CEC3B}.Debug|x86.ActiveCfg = Debug|Any CPU
		{D4F7A6B2-F50C-405B-9CE4-A20A694CEC3B}.Debug|x86.Build.0 = Debug|Any CPU
		{D4F7A6B2-F50C-405B-9CE4-A20A694CEC3B}.Debug|x86.Deploy.0 = Debug|Any CPU
		{D4F7A6B2-F50C-405B-9CE4-A20A694CEC3B}.Release|Any CPU.ActiveCfg = Release|Any CPU
		{D4F7A6B2-F50C-405B-9CE4-A20A694CEC3B}.Release|Any CPU.Build.0 = Release|Any CPU
		{D4F7A6B2-F50C-405B-9CE4-A20A694CEC3B}.Release|Any CPU.Deploy.0 = Release|Any CPU
		{D4F7A6B2-F50C-405B-9CE4-A20A694CEC3B}.Release|ARM.ActiveCfg = Release|Any CPU
		{D4F7A6B2-F50C-405B-9CE4-A20A694CEC3B}.Release|ARM.Build.0 = Release|Any CPU
		{D4F7A6B2-F50C-405B-9CE4-A20A694CEC3B}.Release|ARM.Deploy.0 = Release|Any CPU
		{D4F7A6B2-F50C-405B-9CE4-A20A694CEC3B}.Release|iPhone.ActiveCfg = Release|Any CPU
		{D4F7A6B2-F50C-405B-9CE4-A20A694CEC3B}.Release|iPhone.Build.0 = Release|Any CPU
		{D4F7A6B2-F50C-405B-9CE4-A20A694CEC3B}.Release|iPhone.Deploy.0 = Release|Any CPU
		{D4F7A6B2-F50C-405B-9CE4-A20A694CEC3B}.Release|iPhoneSimulator.ActiveCfg = Release|Any CPU
		{D4F7A6B2-F50C-405B-9CE4-A20A694CEC3B}.Release|iPhoneSimulator.Build.0 = Release|Any CPU
		{D4F7A6B2-F50C-405B-9CE4-A20A694CEC3B}.Release|iPhoneSimulator.Deploy.0 = Release|Any CPU
		{D4F7A6B2-F50C-405B-9CE4-A20A694CEC3B}.Release|x64.ActiveCfg = Release|Any CPU
		{D4F7A6B2-F50C-405B-9CE4-A20A694CEC3B}.Release|x64.Build.0 = Release|Any CPU
		{D4F7A6B2-F50C-405B-9CE4-A20A694CEC3B}.Release|x64.Deploy.0 = Release|Any CPU
		{D4F7A6B2-F50C-405B-9CE4-A20A694CEC3B}.Release|x86.ActiveCfg = Release|Any CPU
		{D4F7A6B2-F50C-405B-9CE4-A20A694CEC3B}.Release|x86.Build.0 = Release|Any CPU
		{D4F7A6B2-F50C-405B-9CE4-A20A694CEC3B}.Release|x86.Deploy.0 = Release|Any CPU
	EndGlobalSection
	GlobalSection(SolutionProperties) = preSolution
		HideSolutionNode = FALSE
	EndGlobalSection
	GlobalSection(ExtensibilityGlobals) = postSolution
		SolutionGuid = {5572108A-58CC-4412-AC6D-1E0AD8F9A522}
	EndGlobalSection
EndGlobal
